PODS:
  - MBCircularProgressBar (0.3.5)

DEPENDENCIES:
  - MBCircularProgressBar

SPEC REPOS:
  https://github.com/cocoapods/specs.git:
    - MBCircularProgressBar

SPEC CHECKSUMS:
  MBCircularProgressBar: 0b795b722a5eb5b0923822f90474e2576a1a7855

PODFILE CHECKSUM: bac3bdc692a76588c861a3dc10c580b69b7e82ed

COCOAPODS: 1.5.3
